
Microsoft Visual Studio Solution File, Format Version 12.00
# Visual Studio Version 17
VisualStudioVersion = 17.5.002.0
MinimumVisualStudioVersion = 10.0.40219.1
Project("{9A19103F-16F7-4668-BE54-9A1E7A4F7556}") = "challengeApp", "challengeApp.csproj", "{BC9F52F2-43AE-435F-8D7F-8D76C5728851}"
EndProject
Global
	GlobalSection(SolutionConfigurationPlatforms) = preSolution
		Debug|Any CPU = Debug|Any CPU
		Release|Any CPU = Release|Any CPU
	EndGlobalSection
	GlobalSection(ProjectConfigurationPlatforms) = postSolution
		{BC9F52F2-43AE-435F-8D7F-8D76C5728851}.Debug|Any CPU.ActiveCfg = Debug|Any CPU
		{BC9F52F2-43AE-435F-8D7F-8D76C5728851}.Debug|Any CPU.Build.0 = Debug|Any CPU
		{BC9F52F2-43AE-435F-8D7F-8D76C5728851}.Release|Any CPU.ActiveCfg = Release|Any CPU
		{BC9F52F2-43AE-435F-8D7F-8D76C5728851}.Release|Any CPU.Build.0 = Release|Any CPU
	EndGlobalSection
	GlobalSection(SolutionProperties) = preSolution
		HideSolutionNode = FALSE
	EndGlobalSection
	GlobalSection(ExtensibilityGlobals) = postSolution
		SolutionGuid = {C89F5C9F-2392-440E-BAB1-CAFDE4B2DFB4}
	EndGlobalSection
EndGlobal
